
Microsoft Visual Studio Solution File, Format Version 12.00
# Visual Studio Version 17
VisualStudioVersion = 17.5.33502.453
MinimumVisualStudioVersion = 10.0.40219.1
Project("{FAE04EC0-301F-11D3-BF4B-00C04F79EFBC}") = "Live_20230502_4", "Live_20230502_4\Live_20230502_4.csproj", "{4DAFDFE2-C8F2-4DA2-9701-7DACCC636855}"
EndProject
Project("{FAE04EC0-301F-11D3-BF4B-00C04F79EFBC}") = "Live_20230502_4B", "Live_20230502_4B\Live_20230502_4B.csproj", "{09FCC38B-1A78-454F-A874-68F506E0DBF3}"
EndProject
Global
	GlobalSection(SolutionConfigurationPlatforms) = preSolution
		Debug|Any CPU = Debug|Any CPU
		Release|Any CPU = Release|Any CPU
	EndGlobalSection
	GlobalSection(ProjectConfigurationPlatforms) = postSolution
		{4DAFDFE2-C8F2-4DA2-9701-7DACCC636855}.Debug|Any CPU.ActiveCfg = Debug|Any CPU
		{4DAFDFE2-C8F2-4DA2-9701-7DACCC636855}.Debug|Any CPU.Build.0 = Debug|Any CPU
		{4DAFDFE2-C8F2-4DA2-9701-7DACCC636855}.Release|Any CPU.ActiveCfg = Release|Any CPU
		{4DAFDFE2-C8F2-4DA2-9701-7DACCC636855}.Release|Any CPU.Build.0 = Release|Any CPU
		{09FCC38B-1A78-454F-A874-68F506E0DBF3}.Debug|Any CPU.ActiveCfg = Debug|Any CPU
		{09FCC38B-1A78-454F-A874-68F506E0DBF3}.Debug|Any CPU.Build.0 = Debug|Any CPU
		{09FCC38B-1A78-454F-A874-68F506E0DBF3}.Release|Any CPU.ActiveCfg = Release|Any CPU
		{09FCC38B-1A78-454F-A874-68F506E0DBF3}.Release|Any CPU.Build.0 = Release|Any CPU
	EndGlobalSection
	GlobalSection(SolutionProperties) = preSolution
		HideSolutionNode = FALSE
	EndGlobalSection
	GlobalSection(ExtensibilityGlobals) = postSolution
		SolutionGuid = {12BFD823-B28F-44CC-B880-DC7AF57CAD31}
	EndGlobalSection
EndGlobal
