
Microsoft Visual Studio Solution File, Format Version 12.00
# Visual Studio Version 16
VisualStudioVersion = 16.0.31624.102
MinimumVisualStudioVersion = 10.0.40219.1
Project("{9A19103F-16F7-4668-BE54-9A1E7A4F7556}") = "RosszApp", "ConsoleApp61\RosszApp.csproj", "{92EC1F40-C6AF-4862-8C01-BA533C3222BE}"
EndProject
Global
	GlobalSection(SolutionConfigurationPlatforms) = preSolution
		Debug|Any CPU = Debug|Any CPU
		Release|Any CPU = Release|Any CPU
	EndGlobalSection
	GlobalSection(ProjectConfigurationPlatforms) = postSolution
		{92EC1F40-C6AF-4862-8C01-BA533C3222BE}.Debug|Any CPU.ActiveCfg = Debug|Any CPU
		{92EC1F40-C6AF-4862-8C01-BA533C3222BE}.Debug|Any CPU.Build.0 = Debug|Any CPU
		{92EC1F40-C6AF-4862-8C01-BA533C3222BE}.Release|Any CPU.ActiveCfg = Release|Any CPU
		{92EC1F40-C6AF-4862-8C01-BA533C3222BE}.Release|Any CPU.Build.0 = Release|Any CPU
	EndGlobalSection
	GlobalSection(SolutionProperties) = preSolution
		HideSolutionNode = FALSE
	EndGlobalSection
	GlobalSection(ExtensibilityGlobals) = postSolution
		SolutionGuid = {D3608B5A-2EED-43CF-9B15-BEC69E103F00}
	EndGlobalSection
EndGlobal
