
Microsoft Visual Studio Solution File, Format Version 12.00
# Visual Studio Version 17
VisualStudioVersion = 17.5.33502.453
MinimumVisualStudioVersion = 10.0.40219.1
Project("{FAE04EC0-301F-11D3-BF4B-00C04F79EFBC}") = "Live_20230502", "Live_20230502\Live_20230502.csproj", "{6943FA23-072A-42F1-B5BB-94CD3792337C}"
EndProject
Global
	GlobalSection(SolutionConfigurationPlatforms) = preSolution
		Debug|Any CPU = Debug|Any CPU
		Release|Any CPU = Release|Any CPU
	EndGlobalSection
	GlobalSection(ProjectConfigurationPlatforms) = postSolution
		{6943FA23-072A-42F1-B5BB-94CD3792337C}.Debug|Any CPU.ActiveCfg = Debug|Any CPU
		{6943FA23-072A-42F1-B5BB-94CD3792337C}.Debug|Any CPU.Build.0 = Debug|Any CPU
		{6943FA23-072A-42F1-B5BB-94CD3792337C}.Release|Any CPU.ActiveCfg = Release|Any CPU
		{6943FA23-072A-42F1-B5BB-94CD3792337C}.Release|Any CPU.Build.0 = Release|Any CPU
	EndGlobalSection
	GlobalSection(SolutionProperties) = preSolution
		HideSolutionNode = FALSE
	EndGlobalSection
	GlobalSection(ExtensibilityGlobals) = postSolution
		SolutionGuid = {9CD39C89-4C31-4FCF-9589-DF058AABFD5B}
	EndGlobalSection
EndGlobal
